
Microsoft Visual Studio Solution File, Format Version 12.00
# Visual Studio Version 17
VisualStudioVersion = 17.0.31903.59
MinimumVisualStudioVersion = 10.0.40219.1
Project("{FAE04EC0-301F-11D3-BF4B-00C04F79EFBC}") = "AudioTranscribe.API", "AudioTranscribe.API\AudioTranscribe.API.csproj", "{558E871C-0720-45FC-8071-B370814D1D14}"
EndProject
Project("{FAE04EC0-301F-11D3-BF4B-00C04F79EFBC}") = "AudioTranscribe.Core", "AudioTranscribe.Core\AudioTranscribe.Core.csproj", "{B3D058AA-832F-4EB0-9E22-E3BB76EBC891}"
EndProject
Project("{FAE04EC0-301F-11D3-BF4B-00C04F79EFBC}") = "AudioTranscribe.Infrastructure", "AudioTranscribe.Infrastructure\AudioTranscribe.Infrastructure.csproj", "{B19B208B-0F41-4B4D-820F-660265DB9D74}"
EndProject
Project("{FAE04EC0-301F-11D3-BF4B-00C04F79EFBC}") = "AudioTranscribe.Tests", "AudioTranscribe.Tests\AudioTranscribe.Tests.csproj", "{2D9A3AE6-381F-4EBA-960B-14E83BBECF2E}"
EndProject
Global
	GlobalSection(SolutionConfigurationPlatforms) = preSolution
		Debug|Any CPU = Debug|Any CPU
		Release|Any CPU = Release|Any CPU
	EndGlobalSection
	GlobalSection(SolutionProperties) = preSolution
		HideSolutionNode = FALSE
	EndGlobalSection
	GlobalSection(ProjectConfigurationPlatforms) = postSolution
		{558E871C-0720-45FC-8071-B370814D1D14}.Debug|Any CPU.ActiveCfg = Debug|Any CPU
		{558E871C-0720-45FC-8071-B370814D1D14}.Debug|Any CPU.Build.0 = Debug|Any CPU
		{558E871C-0720-45FC-8071-B370814D1D14}.Release|Any CPU.ActiveCfg = Release|Any CPU
		{558E871C-0720-45FC-8071-B370814D1D14}.Release|Any CPU.Build.0 = Release|Any CPU
		{B3D058AA-832F-4EB0-9E22-E3BB76EBC891}.Debug|Any CPU.ActiveCfg = Debug|Any CPU
		{B3D058AA-832F-4EB0-9E22-E3BB76EBC891}.Debug|Any CPU.Build.0 = Debug|Any CPU
		{B3D058AA-832F-4EB0-9E22-E3BB76EBC891}.Release|Any CPU.ActiveCfg = Release|Any CPU
		{B3D058AA-832F-4EB0-9E22-E3BB76EBC891}.Release|Any CPU.Build.0 = Release|Any CPU
		{B19B208B-0F41-4B4D-820F-660265DB9D74}.Debug|Any CPU.ActiveCfg = Debug|Any CPU
		{B19B208B-0F41-4B4D-820F-660265DB9D74}.Debug|Any CPU.Build.0 = Debug|Any CPU
		{B19B208B-0F41-4B4D-820F-660265DB9D74}.Release|Any CPU.ActiveCfg = Release|Any CPU
		{B19B208B-0F41-4B4D-820F-660265DB9D74}.Release|Any CPU.Build.0 = Release|Any CPU
		{2D9A3AE6-381F-4EBA-960B-14E83BBECF2E}.Debug|Any CPU.ActiveCfg = Debug|Any CPU
		{2D9A3AE6-381F-4EBA-960B-14E83BBECF2E}.Debug|Any CPU.Build.0 = Debug|Any CPU
		{2D9A3AE6-381F-4EBA-960B-14E83BBECF2E}.Release|Any CPU.ActiveCfg = Release|Any CPU
		{2D9A3AE6-381F-4EBA-960B-14E83BBECF2E}.Release|Any CPU.Build.0 = Release|Any CPU
	EndGlobalSection
EndGlobal
